PODS:
  - Alamofire (5.2.1)
<<<<<<< HEAD
  - AppAuth (1.4.0):
    - AppAuth/Core (= 1.4.0)
    - AppAuth/ExternalUserAgent (= 1.4.0)
  - AppAuth/Core (1.4.0)
  - AppAuth/ExternalUserAgent (1.4.0)
=======
>>>>>>> [Task #3.1.2] Implement Facebook Login for Home Screen
  - FBSDKCoreKit (7.0.1):
    - FBSDKCoreKit/Basics (= 7.0.1)
    - FBSDKCoreKit/Core (= 7.0.1)
  - FBSDKCoreKit/Basics (7.0.1)
  - FBSDKCoreKit/Core (7.0.1):
    - FBSDKCoreKit/Basics
  - FBSDKLoginKit (7.0.1):
    - FBSDKLoginKit/Login (= 7.0.1)
  - FBSDKLoginKit/Login (7.0.1):
    - FBSDKCoreKit (~> 7.0.1)
  - Firebase/Auth (6.27.0):
    - Firebase/CoreOnly
    - FirebaseAuth (~> 6.6.0)
  - Firebase/CoreOnly (6.27.0):
    - FirebaseCore (= 6.8.0)
  - FirebaseAuth (6.6.0):
    - FirebaseCore (~> 6.8)
    - GoogleUtilities/AppDelegateSwizzler (~> 6.5)
    - GoogleUtilities/Environment (~> 6.5)
    - GTMSessionFetcher/Core (~> 1.1)
  - FirebaseCore (6.8.0):
    - FirebaseCoreDiagnostics (~> 1.3)
    - GoogleUtilities/Environment (~> 6.5)
    - GoogleUtilities/Logger (~> 6.5)
  - FirebaseCoreDiagnostics (1.4.0):
    - GoogleDataTransportCCTSupport (~> 3.1)
    - GoogleUtilities/Environment (~> 6.5)
    - GoogleUtilities/Logger (~> 6.5)
    - nanopb (~> 1.30905.0)
  - GoogleDataTransport (6.2.1)
  - GoogleDataTransportCCTSupport (3.2.0):
    - GoogleDataTransport (~> 6.1)
    - nanopb (~> 1.30905.0)
<<<<<<< HEAD
  - GoogleSignIn (5.0.2):
    - AppAuth (~> 1.2)
    - GTMAppAuth (~> 1.0)
    - GTMSessionFetcher/Core (~> 1.1)
=======
>>>>>>> [Task #3.1.2] Implement Facebook Login for Home Screen
  - GoogleUtilities/AppDelegateSwizzler (6.6.0):
    - GoogleUtilities/Environment
    - GoogleUtilities/Logger
    - GoogleUtilities/Network
  - GoogleUtilities/Environment (6.6.0):
    - PromisesObjC (~> 1.2)
  - GoogleUtilities/Logger (6.6.0):
    - GoogleUtilities/Environment
  - GoogleUtilities/Network (6.6.0):
    - GoogleUtilities/Logger
    - "GoogleUtilities/NSData+zlib"
    - GoogleUtilities/Reachability
  - "GoogleUtilities/NSData+zlib (6.6.0)"
  - GoogleUtilities/Reachability (6.6.0):
    - GoogleUtilities/Logger
<<<<<<< HEAD
  - GTMAppAuth (1.0.0):
    - AppAuth/Core (~> 1.0)
    - GTMSessionFetcher (~> 1.1)
  - GTMSessionFetcher (1.4.0):
    - GTMSessionFetcher/Full (= 1.4.0)
  - GTMSessionFetcher/Core (1.4.0)
  - GTMSessionFetcher/Full (1.4.0):
    - GTMSessionFetcher/Core (= 1.4.0)
=======
  - GTMSessionFetcher/Core (1.4.0)
>>>>>>> [Task #3.1.2] Implement Facebook Login for Home Screen
  - nanopb (1.30905.0):
    - nanopb/decode (= 1.30905.0)
    - nanopb/encode (= 1.30905.0)
  - nanopb/decode (1.30905.0)
  - nanopb/encode (1.30905.0)
  - "NSObject+Rx (5.1.0)":
    - RxSwift (~> 5.1)
  - PromisesObjC (1.2.9)
  - R.swift (5.2.2):
    - R.swift.Library (~> 5.2.0)
  - R.swift.Library (5.2.0)
  - RxCocoa (5.1.1):
    - RxRelay (~> 5)
    - RxSwift (~> 5)
  - RxRelay (5.1.1):
    - RxSwift (~> 5)
  - RxSwift (5.1.1)
  - SVProgressHUD (2.2.5)
  - SwiftFormat/CLI (0.44.13)
  - SwiftLint (0.39.2)
  - Swinject (2.6.2)
  - SwinjectStoryboard (2.2.0):
    - Swinject (~> 2.6)

DEPENDENCIES:
  - Alamofire
  - FBSDKLoginKit
  - Firebase/Auth
<<<<<<< HEAD
  - GoogleSignIn
=======
>>>>>>> [Task #3.1.2] Implement Facebook Login for Home Screen
  - "NSObject+Rx"
  - R.swift
  - RxCocoa
  - RxSwift
  - SVProgressHUD
  - SwiftFormat/CLI
  - SwiftLint
  - Swinject (~> 2.6.2)
  - SwinjectStoryboard

SPEC REPOS:
  trunk:
    - Alamofire
<<<<<<< HEAD
    - AppAuth
=======
>>>>>>> [Task #3.1.2] Implement Facebook Login for Home Screen
    - FBSDKCoreKit
    - FBSDKLoginKit
    - Firebase
    - FirebaseAuth
    - FirebaseCore
    - FirebaseCoreDiagnostics
    - GoogleDataTransport
    - GoogleDataTransportCCTSupport
<<<<<<< HEAD
    - GoogleSignIn
    - GoogleUtilities
    - GTMAppAuth
=======
    - GoogleUtilities
>>>>>>> [Task #3.1.2] Implement Facebook Login for Home Screen
    - GTMSessionFetcher
    - nanopb
    - "NSObject+Rx"
    - PromisesObjC
    - R.swift
    - R.swift.Library
    - RxCocoa
    - RxRelay
    - RxSwift
    - SVProgressHUD
    - SwiftFormat
    - SwiftLint
    - Swinject
    - SwinjectStoryboard

SPEC CHECKSUMS:
  Alamofire: e911732990610fe89af59ac0077f923d72dc3dfd
<<<<<<< HEAD
  AppAuth: 31bcec809a638d7bd2f86ea8a52bd45f6e81e7c7
=======
>>>>>>> [Task #3.1.2] Implement Facebook Login for Home Screen
  FBSDKCoreKit: 9cc05bec0568a5955c82eb59ae95da0fe125b88d
  FBSDKLoginKit: ecc6fd43c81b60f5b5e9388d58f137aff4a5d00b
  Firebase: fc4cbf6f1592636431821ef9a3c557e4dfd9f268
  FirebaseAuth: b85c064e0ac60f82486728d50a4803f235687302
  FirebaseCore: feda061cb1ee6d8ad4824f4a4a8ffbcfe284f595
  FirebaseCoreDiagnostics: 4505e4d4009b1d93f605088ee7d7764d5f0d1c84
  GoogleDataTransport: 9a8a16f79feffc7f42096743de2a7c4815e84020
  GoogleDataTransportCCTSupport: 489c1265d2c85b68187a83a911913d190012158d
<<<<<<< HEAD
  GoogleSignIn: 7137d297ddc022a7e0aa4619c86d72c909fa7213
  GoogleUtilities: 39530bc0ad980530298e9c4af8549e991fd033b1
  GTMAppAuth: 4deac854479704f348309e7b66189e604cf5e01e
=======
  GoogleUtilities: 39530bc0ad980530298e9c4af8549e991fd033b1
>>>>>>> [Task #3.1.2] Implement Facebook Login for Home Screen
  GTMSessionFetcher: 6f5c8abbab8a9bce4bb3f057e317728ec6182b10
  nanopb: c43f40fadfe79e8b8db116583945847910cbabc9
  "NSObject+Rx": fa6bbcc1ab1faa06b01466bc09b1e0692bbc5946
  PromisesObjC: b48e0338dbbac2207e611750777895f7a5811b75
  R.swift: 7c52cdc57a66840ffe6cbd8a823d732059d42a32
  R.swift.Library: 5ba4f1631300caf9a4d890186930da85d540769d
  RxCocoa: 32065309a38d29b5b0db858819b5bf9ef038b601
  RxRelay: d77f7d771495f43c556cbc43eebd1bb54d01e8e9
  RxSwift: 81470a2074fa8780320ea5fe4102807cb7118178
  SVProgressHUD: 1428aafac632c1f86f62aa4243ec12008d7a51d6
  SwiftFormat: 87e745cb2f6509894a44ac4f311a8722a9ebcb8b
  SwiftLint: 22ccbbe3b8008684be5955693bab135e0ed6a447
  Swinject: cf7458774b1b00323080a9c67e47a1ee7f9d2af1
  SwinjectStoryboard: 32512ef16c2b0ff5b8f823b23539c4a50f6d3383

<<<<<<< HEAD
PODFILE CHECKSUM: e7b3c6c473669c170ce41e9757c0dffa5ee233f8
=======
PODFILE CHECKSUM: 56fc415c4490ffa25a1ec411e558b9d9ac7648c3
>>>>>>> [Task #3.1.2] Implement Facebook Login for Home Screen

COCOAPODS: 1.8.4
