// !$*UTF8*$!
{
	archiveVersion = 1;
	classes = {
	};
	objectVersion = 51;
	objects = {

/* Begin PBXBuildFile section */
		040987EC2494CDCA00EB220E /* UIView+Designable.swift in Sources */ = {isa = PBXBuildFile; fileRef = 040987EB2494CDCA00EB220E /* UIView+Designable.swift */; };
		040987EE2494D06400EB220E /* HomeViewController.swift in Sources */ = {isa = PBXBuildFile; fileRef = 040987ED2494D06400EB220E /* HomeViewController.swift */; };
		040987F02494EE4A00EB220E /* UIButton+Extension.swift in Sources */ = {isa = PBXBuildFile; fileRef = 040987EF2494EE4A00EB220E /* UIButton+Extension.swift */; };
		040B510D24A793660028FEA0 /* GoogleService-Info.plist in Resources */ = {isa = PBXBuildFile; fileRef = 040B510C24A793660028FEA0 /* GoogleService-Info.plist */; };
		043B1DAD249BABF80044EAAD /* InfinityCollectionView.swift in Sources */ = {isa = PBXBuildFile; fileRef = 043B1DAC249BABF80044EAAD /* InfinityCollectionView.swift */; };
		043B1DB0249BAD970044EAAD /* DishesCell.swift in Sources */ = {isa = PBXBuildFile; fileRef = 043B1DAF249BAD970044EAAD /* DishesCell.swift */; };
		043B1DB3249BAE510044EAAD /* DeviceInfo.swift in Sources */ = {isa = PBXBuildFile; fileRef = 043B1DB2249BAE510044EAAD /* DeviceInfo.swift */; };
		043B1DB5249BB43F0044EAAD /* HomeViewModel.swift in Sources */ = {isa = PBXBuildFile; fileRef = 043B1DB4249BB43F0044EAAD /* HomeViewModel.swift */; };
		043B1DB9249BB5300044EAAD /* HomeNavigator.swift in Sources */ = {isa = PBXBuildFile; fileRef = 043B1DB8249BB5300044EAAD /* HomeNavigator.swift */; };
		043B1DBB249CF93E0044EAAD /* ViewModelType.swift in Sources */ = {isa = PBXBuildFile; fileRef = 043B1DBA249CF93E0044EAAD /* ViewModelType.swift */; };
		043B1DBD249D0C9B0044EAAD /* ErrorTracker.swift in Sources */ = {isa = PBXBuildFile; fileRef = 043B1DBC249D0C9B0044EAAD /* ErrorTracker.swift */; };
		0495066C248946C90051C1C9 /* R.generated.swift in Sources */ = {isa = PBXBuildFile; fileRef = 0495066B248946C90051C1C9 /* R.generated.swift */; };
		0495066F248A8AC50051C1C9 /* TabBar.storyboard in Resources */ = {isa = PBXBuildFile; fileRef = 0495066E248A8AC50051C1C9 /* TabBar.storyboard */; };
		04950671248A8B690051C1C9 /* Profile.storyboard in Resources */ = {isa = PBXBuildFile; fileRef = 04950670248A8B690051C1C9 /* Profile.storyboard */; };
		04950673248A8C800051C1C9 /* NightLife.storyboard in Resources */ = {isa = PBXBuildFile; fileRef = 04950672248A8C800051C1C9 /* NightLife.storyboard */; };
		04950677248B5FCA0051C1C9 /* Dining.storyboard in Resources */ = {isa = PBXBuildFile; fileRef = 04950676248B5FCA0051C1C9 /* Dining.storyboard */; };
		0495067B248B9D960051C1C9 /* APIKey.swift in Sources */ = {isa = PBXBuildFile; fileRef = 0495067A248B9D960051C1C9 /* APIKey.swift */; };
		0495067D248B9DB30051C1C9 /* APIService.swift in Sources */ = {isa = PBXBuildFile; fileRef = 0495067C248B9DB30051C1C9 /* APIService.swift */; };
		0495067F248B9DD30051C1C9 /* APIRoute.swift in Sources */ = {isa = PBXBuildFile; fileRef = 0495067E248B9DD30051C1C9 /* APIRoute.swift */; };
		04950681248B9DEE0051C1C9 /* APIError.swift in Sources */ = {isa = PBXBuildFile; fileRef = 04950680248B9DEE0051C1C9 /* APIError.swift */; };
		04950684248B9E400051C1C9 /* AllReviews.swift in Sources */ = {isa = PBXBuildFile; fileRef = 04950683248B9E400051C1C9 /* AllReviews.swift */; };
		04950686248B9E5D0051C1C9 /* BgColor.swift in Sources */ = {isa = PBXBuildFile; fileRef = 04950685248B9E5D0051C1C9 /* BgColor.swift */; };
		04950688248B9E770051C1C9 /* HasMenuStatus.swift in Sources */ = {isa = PBXBuildFile; fileRef = 04950687248B9E770051C1C9 /* HasMenuStatus.swift */; };
		0495068A248B9E8C0051C1C9 /* Location.swift in Sources */ = {isa = PBXBuildFile; fileRef = 04950689248B9E8C0051C1C9 /* Location.swift */; };
		0495068C248B9EA10051C1C9 /* Photo.swift in Sources */ = {isa = PBXBuildFile; fileRef = 0495068B248B9EA10051C1C9 /* Photo.swift */; };
		0495068E248B9EB40051C1C9 /* Photos.swift in Sources */ = {isa = PBXBuildFile; fileRef = 0495068D248B9EB40051C1C9 /* Photos.swift */; };
		04950690248B9EC80051C1C9 /* RatingObj.swift in Sources */ = {isa = PBXBuildFile; fileRef = 0495068F248B9EC80051C1C9 /* RatingObj.swift */; };
		04950692248B9EE60051C1C9 /* Restaurant.swift in Sources */ = {isa = PBXBuildFile; fileRef = 04950691248B9EE60051C1C9 /* Restaurant.swift */; };
		04950694248B9EFF0051C1C9 /* RestaurantInfo.swift in Sources */ = {isa = PBXBuildFile; fileRef = 04950693248B9EFF0051C1C9 /* RestaurantInfo.swift */; };
		04950696248B9F140051C1C9 /* Restaurants.swift in Sources */ = {isa = PBXBuildFile; fileRef = 04950695248B9F140051C1C9 /* Restaurants.swift */; };
		04950698248B9F250051C1C9 /* Reviews.swift in Sources */ = {isa = PBXBuildFile; fileRef = 04950697248B9F250051C1C9 /* Reviews.swift */; };
		0495069A248B9F420051C1C9 /* Title.swift in Sources */ = {isa = PBXBuildFile; fileRef = 04950699248B9F420051C1C9 /* Title.swift */; };
		0495069C248B9F560051C1C9 /* User.swift in Sources */ = {isa = PBXBuildFile; fileRef = 0495069B248B9F560051C1C9 /* User.swift */; };
		0495069E248B9F6B0051C1C9 /* UserRating.swift in Sources */ = {isa = PBXBuildFile; fileRef = 0495069D248B9F6B0051C1C9 /* UserRating.swift */; };
		049506A0248B9F850051C1C9 /* JSONAny.swift in Sources */ = {isa = PBXBuildFile; fileRef = 0495069F248B9F850051C1C9 /* JSONAny.swift */; };
		049506A3248B9FAD0051C1C9 /* ListRestaurants.swift in Sources */ = {isa = PBXBuildFile; fileRef = 049506A2248B9FAD0051C1C9 /* ListRestaurants.swift */; };
		049506A5248B9FC80051C1C9 /* RestaurantDetail.swift in Sources */ = {isa = PBXBuildFile; fileRef = 049506A4248B9FC80051C1C9 /* RestaurantDetail.swift */; };
		049506A7248B9FF00051C1C9 /* RestaurantsRepository.swift in Sources */ = {isa = PBXBuildFile; fileRef = 049506A6248B9FF00051C1C9 /* RestaurantsRepository.swift */; };
		049506A9248BA02B0051C1C9 /* PagingInfo.swift in Sources */ = {isa = PBXBuildFile; fileRef = 049506A8248BA02B0051C1C9 /* PagingInfo.swift */; };
		049506AB248BA09E0051C1C9 /* Log.swift in Sources */ = {isa = PBXBuildFile; fileRef = 049506AA248BA09E0051C1C9 /* Log.swift */; };
		049506AD248BA2B20051C1C9 /* Constants.swift in Sources */ = {isa = PBXBuildFile; fileRef = 049506AC248BA2B20051C1C9 /* Constants.swift */; };
		049506AF248BA3240051C1C9 /* Reachability.swift in Sources */ = {isa = PBXBuildFile; fileRef = 049506AE248BA3240051C1C9 /* Reachability.swift */; };
		049506B1248BA3810051C1C9 /* SwinjectStoryboard+Setup.swift in Sources */ = {isa = PBXBuildFile; fileRef = 049506B0248BA3810051C1C9 /* SwinjectStoryboard+Setup.swift */; };
		049506B4248BAB760051C1C9 /* Home.storyboard in Resources */ = {isa = PBXBuildFile; fileRef = 049506B3248BAB760051C1C9 /* Home.storyboard */; };
		049506BB248BB17C0051C1C9 /* Okra-Medium.ttf in Resources */ = {isa = PBXBuildFile; fileRef = 049506B6248BB17B0051C1C9 /* Okra-Medium.ttf */; };
		049506BC248BB17C0051C1C9 /* Okra-Light.ttf in Resources */ = {isa = PBXBuildFile; fileRef = 049506B7248BB17C0051C1C9 /* Okra-Light.ttf */; };
		049506BD248BB17C0051C1C9 /* Okra-Bold.ttf in Resources */ = {isa = PBXBuildFile; fileRef = 049506B8248BB17C0051C1C9 /* Okra-Bold.ttf */; };
		049506BE248BB17C0051C1C9 /* Okra-SemiBold.ttf in Resources */ = {isa = PBXBuildFile; fileRef = 049506B9248BB17C0051C1C9 /* Okra-SemiBold.ttf */; };
		049506BF248BB17C0051C1C9 /* Okra-Regular.ttf in Resources */ = {isa = PBXBuildFile; fileRef = 049506BA248BB17C0051C1C9 /* Okra-Regular.ttf */; };
		04D622CD24B35BAB007EBAFF /* FacebookSDK+Rx.swift in Sources */ = {isa = PBXBuildFile; fileRef = 04D622CC24B35BAB007EBAFF /* FacebookSDK+Rx.swift */; };
		04D622CF24B4C5DD007EBAFF /* UIViewController+Extension.swift in Sources */ = {isa = PBXBuildFile; fileRef = 04D622CE24B4C5DD007EBAFF /* UIViewController+Extension.swift */; };
		04D622D124B6032F007EBAFF /* App.swift in Sources */ = {isa = PBXBuildFile; fileRef = 04D622D024B6032F007EBAFF /* App.swift */; };
		04D622D324B60EDD007EBAFF /* TabBarController.swift in Sources */ = {isa = PBXBuildFile; fileRef = 04D622D224B60EDD007EBAFF /* TabBarController.swift */; };
		04D622D524B75267007EBAFF /* HomeAssembler.swift in Sources */ = {isa = PBXBuildFile; fileRef = 04D622D424B75267007EBAFF /* HomeAssembler.swift */; };
		04D622D724B76136007EBAFF /* BindableType.swift in Sources */ = {isa = PBXBuildFile; fileRef = 04D622D624B76136007EBAFF /* BindableType.swift */; };
		04D622D924B994B6007EBAFF /* UserDefaultsManager.swift in Sources */ = {isa = PBXBuildFile; fileRef = 04D622D824B994B6007EBAFF /* UserDefaultsManager.swift */; };
		04D90347249E69D500DC690B /* Register.storyboard in Resources */ = {isa = PBXBuildFile; fileRef = 04D90346249E69D500DC690B /* Register.storyboard */; };
		04D90349249E69FE00DC690B /* RegisterViewController.swift in Sources */ = {isa = PBXBuildFile; fileRef = 04D90348249E69FE00DC690B /* RegisterViewController.swift */; };
		04E8E8EB24AE31F000560CCA /* AutoScrollViewController.swift in Sources */ = {isa = PBXBuildFile; fileRef = 04E8E8EA24AE31F000560CCA /* AutoScrollViewController.swift */; };
		04E8E8ED24AE384A00560CCA /* AutoScrollControllerType.swift in Sources */ = {isa = PBXBuildFile; fileRef = 04E8E8EC24AE384A00560CCA /* AutoScrollControllerType.swift */; };
		54F5D99BB4DEDEC9D1B055C6 /* Pods_Zomato_Rx.framework in Frameworks */ = {isa = PBXBuildFile; fileRef = 02474E8266065C1EC07461A2 /* Pods_Zomato_Rx.framework */; };
		8E7564FA248119D4004BC5CE /* AppDelegate.swift in Sources */ = {isa = PBXBuildFile; fileRef = 8E7564F9248119D4004BC5CE /* AppDelegate.swift */; };
		8E7564FE248119D4004BC5CE /* DiningViewController.swift in Sources */ = {isa = PBXBuildFile; fileRef = 8E7564FD248119D4004BC5CE /* DiningViewController.swift */; };
		8E756503248119D7004BC5CE /* Assets.xcassets in Resources */ = {isa = PBXBuildFile; fileRef = 8E756502248119D7004BC5CE /* Assets.xcassets */; };
		8E756506248119D7004BC5CE /* LaunchScreen.storyboard in Resources */ = {isa = PBXBuildFile; fileRef = 8E756504248119D7004BC5CE /* LaunchScreen.storyboard */; };
		8E756511248119D7004BC5CE /* Zomato_RxTests.swift in Sources */ = {isa = PBXBuildFile; fileRef = 8E756510248119D7004BC5CE /* Zomato_RxTests.swift */; };
		8E75651C248119D7004BC5CE /* Zomato_RxUITests.swift in Sources */ = {isa = PBXBuildFile; fileRef = 8E75651B248119D7004BC5CE /* Zomato_RxUITests.swift */; };
/* End PBXBuildFile section */

/* Begin PBXContainerItemProxy section */
		8E75650D248119D7004BC5CE /* PBXContainerItemProxy */ = {
			isa = PBXContainerItemProxy;
			containerPortal = 8E7564EE248119D4004BC5CE /* Project object */;
			proxyType = 1;
			remoteGlobalIDString = 8E7564F5248119D4004BC5CE;
			remoteInfo = Zomato_Rx;
		};
		8E756518248119D7004BC5CE /* PBXContainerItemProxy */ = {
			isa = PBXContainerItemProxy;
			containerPortal = 8E7564EE248119D4004BC5CE /* Project object */;
			proxyType = 1;
			remoteGlobalIDString = 8E7564F5248119D4004BC5CE;
			remoteInfo = Zomato_Rx;
		};
/* End PBXContainerItemProxy section */

/* Begin PBXFileReference section */
		02474E8266065C1EC07461A2 /* Pods_Zomato_Rx.framework */ = {isa = PBXFileReference; explicitFileType = wrapper.framework; includeInIndex = 0; path = Pods_Zomato_Rx.framework; sourceTree = BUILT_PRODUCTS_DIR; };
		040987EB2494CDCA00EB220E /* UIView+Designable.swift */ = {isa = PBXFileReference; lastKnownFileType = sourcecode.swift; path = "UIView+Designable.swift"; sourceTree = "<group>"; };
		040987ED2494D06400EB220E /* HomeViewController.swift */ = {isa = PBXFileReference; lastKnownFileType = sourcecode.swift; path = HomeViewController.swift; sourceTree = "<group>"; };
		040987EF2494EE4A00EB220E /* UIButton+Extension.swift */ = {isa = PBXFileReference; lastKnownFileType = sourcecode.swift; path = "UIButton+Extension.swift"; sourceTree = "<group>"; };
		040B510C24A793660028FEA0 /* GoogleService-Info.plist */ = {isa = PBXFileReference; fileEncoding = 4; lastKnownFileType = text.plist.xml; path = "GoogleService-Info.plist"; sourceTree = "<group>"; };
		043B1DAC249BABF80044EAAD /* InfinityCollectionView.swift */ = {isa = PBXFileReference; lastKnownFileType = sourcecode.swift; path = InfinityCollectionView.swift; sourceTree = "<group>"; };
		043B1DAF249BAD970044EAAD /* DishesCell.swift */ = {isa = PBXFileReference; lastKnownFileType = sourcecode.swift; path = DishesCell.swift; sourceTree = "<group>"; };
		043B1DB2249BAE510044EAAD /* DeviceInfo.swift */ = {isa = PBXFileReference; lastKnownFileType = sourcecode.swift; path = DeviceInfo.swift; sourceTree = "<group>"; };
		043B1DB4249BB43F0044EAAD /* HomeViewModel.swift */ = {isa = PBXFileReference; lastKnownFileType = sourcecode.swift; path = HomeViewModel.swift; sourceTree = "<group>"; };
		043B1DB8249BB5300044EAAD /* HomeNavigator.swift */ = {isa = PBXFileReference; lastKnownFileType = sourcecode.swift; path = HomeNavigator.swift; sourceTree = "<group>"; };
		043B1DBA249CF93E0044EAAD /* ViewModelType.swift */ = {isa = PBXFileReference; lastKnownFileType = sourcecode.swift; path = ViewModelType.swift; sourceTree = "<group>"; };
		043B1DBC249D0C9B0044EAAD /* ErrorTracker.swift */ = {isa = PBXFileReference; lastKnownFileType = sourcecode.swift; path = ErrorTracker.swift; sourceTree = "<group>"; };
		0495066B248946C90051C1C9 /* R.generated.swift */ = {isa = PBXFileReference; fileEncoding = 4; lastKnownFileType = sourcecode.swift; path = R.generated.swift; sourceTree = "<group>"; };
		0495066E248A8AC50051C1C9 /* TabBar.storyboard */ = {isa = PBXFileReference; lastKnownFileType = file.storyboard; path = TabBar.storyboard; sourceTree = "<group>"; };
		04950670248A8B690051C1C9 /* Profile.storyboard */ = {isa = PBXFileReference; fileEncoding = 4; lastKnownFileType = file.storyboard; path = Profile.storyboard; sourceTree = "<group>"; };
		04950672248A8C800051C1C9 /* NightLife.storyboard */ = {isa = PBXFileReference; fileEncoding = 4; lastKnownFileType = file.storyboard; path = NightLife.storyboard; sourceTree = "<group>"; };
		04950676248B5FCA0051C1C9 /* Dining.storyboard */ = {isa = PBXFileReference; fileEncoding = 4; lastKnownFileType = file.storyboard; path = Dining.storyboard; sourceTree = "<group>"; };
		0495067A248B9D960051C1C9 /* APIKey.swift */ = {isa = PBXFileReference; lastKnownFileType = sourcecode.swift; path = APIKey.swift; sourceTree = "<group>"; };
		0495067C248B9DB30051C1C9 /* APIService.swift */ = {isa = PBXFileReference; lastKnownFileType = sourcecode.swift; path = APIService.swift; sourceTree = "<group>"; };
		0495067E248B9DD30051C1C9 /* APIRoute.swift */ = {isa = PBXFileReference; lastKnownFileType = sourcecode.swift; path = APIRoute.swift; sourceTree = "<group>"; };
		04950680248B9DEE0051C1C9 /* APIError.swift */ = {isa = PBXFileReference; lastKnownFileType = sourcecode.swift; path = APIError.swift; sourceTree = "<group>"; };
		04950683248B9E400051C1C9 /* AllReviews.swift */ = {isa = PBXFileReference; lastKnownFileType = sourcecode.swift; path = AllReviews.swift; sourceTree = "<group>"; };
		04950685248B9E5D0051C1C9 /* BgColor.swift */ = {isa = PBXFileReference; lastKnownFileType = sourcecode.swift; path = BgColor.swift; sourceTree = "<group>"; };
		04950687248B9E770051C1C9 /* HasMenuStatus.swift */ = {isa = PBXFileReference; lastKnownFileType = sourcecode.swift; path = HasMenuStatus.swift; sourceTree = "<group>"; };
		04950689248B9E8C0051C1C9 /* Location.swift */ = {isa = PBXFileReference; lastKnownFileType = sourcecode.swift; path = Location.swift; sourceTree = "<group>"; };
		0495068B248B9EA10051C1C9 /* Photo.swift */ = {isa = PBXFileReference; lastKnownFileType = sourcecode.swift; path = Photo.swift; sourceTree = "<group>"; };
		0495068D248B9EB40051C1C9 /* Photos.swift */ = {isa = PBXFileReference; lastKnownFileType = sourcecode.swift; path = Photos.swift; sourceTree = "<group>"; };
		0495068F248B9EC80051C1C9 /* RatingObj.swift */ = {isa = PBXFileReference; lastKnownFileType = sourcecode.swift; path = RatingObj.swift; sourceTree = "<group>"; };
		04950691248B9EE60051C1C9 /* Restaurant.swift */ = {isa = PBXFileReference; lastKnownFileType = sourcecode.swift; path = Restaurant.swift; sourceTree = "<group>"; };
		04950693248B9EFF0051C1C9 /* RestaurantInfo.swift */ = {isa = PBXFileReference; lastKnownFileType = sourcecode.swift; path = RestaurantInfo.swift; sourceTree = "<group>"; };
		04950695248B9F140051C1C9 /* Restaurants.swift */ = {isa = PBXFileReference; lastKnownFileType = sourcecode.swift; path = Restaurants.swift; sourceTree = "<group>"; };
		04950697248B9F250051C1C9 /* Reviews.swift */ = {isa = PBXFileReference; lastKnownFileType = sourcecode.swift; path = Reviews.swift; sourceTree = "<group>"; };
		04950699248B9F420051C1C9 /* Title.swift */ = {isa = PBXFileReference; lastKnownFileType = sourcecode.swift; path = Title.swift; sourceTree = "<group>"; };
		0495069B248B9F560051C1C9 /* User.swift */ = {isa = PBXFileReference; lastKnownFileType = sourcecode.swift; path = User.swift; sourceTree = "<group>"; };
		0495069D248B9F6B0051C1C9 /* UserRating.swift */ = {isa = PBXFileReference; lastKnownFileType = sourcecode.swift; path = UserRating.swift; sourceTree = "<group>"; };
		0495069F248B9F850051C1C9 /* JSONAny.swift */ = {isa = PBXFileReference; lastKnownFileType = sourcecode.swift; path = JSONAny.swift; sourceTree = "<group>"; };
		049506A2248B9FAD0051C1C9 /* ListRestaurants.swift */ = {isa = PBXFileReference; lastKnownFileType = sourcecode.swift; path = ListRestaurants.swift; sourceTree = "<group>"; };
		049506A4248B9FC80051C1C9 /* RestaurantDetail.swift */ = {isa = PBXFileReference; lastKnownFileType = sourcecode.swift; path = RestaurantDetail.swift; sourceTree = "<group>"; };
		049506A6248B9FF00051C1C9 /* RestaurantsRepository.swift */ = {isa = PBXFileReference; lastKnownFileType = sourcecode.swift; path = RestaurantsRepository.swift; sourceTree = "<group>"; };
		049506A8248BA02B0051C1C9 /* PagingInfo.swift */ = {isa = PBXFileReference; lastKnownFileType = sourcecode.swift; path = PagingInfo.swift; sourceTree = "<group>"; };
		049506AA248BA09E0051C1C9 /* Log.swift */ = {isa = PBXFileReference; lastKnownFileType = sourcecode.swift; path = Log.swift; sourceTree = "<group>"; };
		049506AC248BA2B20051C1C9 /* Constants.swift */ = {isa = PBXFileReference; lastKnownFileType = sourcecode.swift; path = Constants.swift; sourceTree = "<group>"; };
		049506AE248BA3240051C1C9 /* Reachability.swift */ = {isa = PBXFileReference; lastKnownFileType = sourcecode.swift; path = Reachability.swift; sourceTree = "<group>"; };
		049506B0248BA3810051C1C9 /* SwinjectStoryboard+Setup.swift */ = {isa = PBXFileReference; lastKnownFileType = sourcecode.swift; path = "SwinjectStoryboard+Setup.swift"; sourceTree = "<group>"; };
		049506B3248BAB760051C1C9 /* Home.storyboard */ = {isa = PBXFileReference; lastKnownFileType = file.storyboard; path = Home.storyboard; sourceTree = "<group>"; };
		049506B6248BB17B0051C1C9 /* Okra-Medium.ttf */ = {isa = PBXFileReference; lastKnownFileType = file; path = "Okra-Medium.ttf"; sourceTree = "<group>"; };
		049506B7248BB17C0051C1C9 /* Okra-Light.ttf */ = {isa = PBXFileReference; lastKnownFileType = file; path = "Okra-Light.ttf"; sourceTree = "<group>"; };
		049506B8248BB17C0051C1C9 /* Okra-Bold.ttf */ = {isa = PBXFileReference; lastKnownFileType = file; path = "Okra-Bold.ttf"; sourceTree = "<group>"; };
		049506B9248BB17C0051C1C9 /* Okra-SemiBold.ttf */ = {isa = PBXFileReference; lastKnownFileType = file; path = "Okra-SemiBold.ttf"; sourceTree = "<group>"; };
		049506BA248BB17C0051C1C9 /* Okra-Regular.ttf */ = {isa = PBXFileReference; lastKnownFileType = file; path = "Okra-Regular.ttf"; sourceTree = "<group>"; };
		04D622CC24B35BAB007EBAFF /* FacebookSDK+Rx.swift */ = {isa = PBXFileReference; lastKnownFileType = sourcecode.swift; path = "FacebookSDK+Rx.swift"; sourceTree = "<group>"; };
		04D622CE24B4C5DD007EBAFF /* UIViewController+Extension.swift */ = {isa = PBXFileReference; lastKnownFileType = sourcecode.swift; path = "UIViewController+Extension.swift"; sourceTree = "<group>"; };
		04D622D024B6032F007EBAFF /* App.swift */ = {isa = PBXFileReference; lastKnownFileType = sourcecode.swift; path = App.swift; sourceTree = "<group>"; };
		04D622D224B60EDD007EBAFF /* TabBarController.swift */ = {isa = PBXFileReference; lastKnownFileType = sourcecode.swift; path = TabBarController.swift; sourceTree = "<group>"; };
		04D622D424B75267007EBAFF /* HomeAssembler.swift */ = {isa = PBXFileReference; lastKnownFileType = sourcecode.swift; path = HomeAssembler.swift; sourceTree = "<group>"; };
		04D622D624B76136007EBAFF /* BindableType.swift */ = {isa = PBXFileReference; lastKnownFileType = sourcecode.swift; path = BindableType.swift; sourceTree = "<group>"; };
		04D622D824B994B6007EBAFF /* UserDefaultsManager.swift */ = {isa = PBXFileReference; lastKnownFileType = sourcecode.swift; path = UserDefaultsManager.swift; sourceTree = "<group>"; };
		04D90346249E69D500DC690B /* Register.storyboard */ = {isa = PBXFileReference; lastKnownFileType = file.storyboard; path = Register.storyboard; sourceTree = "<group>"; };
		04D90348249E69FE00DC690B /* RegisterViewController.swift */ = {isa = PBXFileReference; lastKnownFileType = sourcecode.swift; path = RegisterViewController.swift; sourceTree = "<group>"; };
		04E1CF9B2487ECA1004DEEA7 /* Bridging-Header.h */ = {isa = PBXFileReference; lastKnownFileType = sourcecode.c.h; path = "Bridging-Header.h"; sourceTree = "<group>"; };
		04E8E8EA24AE31F000560CCA /* AutoScrollViewController.swift */ = {isa = PBXFileReference; lastKnownFileType = sourcecode.swift; path = AutoScrollViewController.swift; sourceTree = "<group>"; };
		04E8E8EC24AE384A00560CCA /* AutoScrollControllerType.swift */ = {isa = PBXFileReference; lastKnownFileType = sourcecode.swift; path = AutoScrollControllerType.swift; sourceTree = "<group>"; };
		893A1449224C1A7635B8AE8B /* Pods-Zomato_Rx.debug.xcconfig */ = {isa = PBXFileReference; includeInIndex = 1; lastKnownFileType = text.xcconfig; name = "Pods-Zomato_Rx.debug.xcconfig"; path = "Target Support Files/Pods-Zomato_Rx/Pods-Zomato_Rx.debug.xcconfig"; sourceTree = "<group>"; };
		8E7564F6248119D4004BC5CE /* Zomato.app */ = {isa = PBXFileReference; explicitFileType = wrapper.application; includeInIndex = 0; path = Zomato.app; sourceTree = BUILT_PRODUCTS_DIR; };
		8E7564F9248119D4004BC5CE /* AppDelegate.swift */ = {isa = PBXFileReference; lastKnownFileType = sourcecode.swift; path = AppDelegate.swift; sourceTree = "<group>"; };
		8E7564FD248119D4004BC5CE /* DiningViewController.swift */ = {isa = PBXFileReference; lastKnownFileType = sourcecode.swift; path = DiningViewController.swift; sourceTree = "<group>"; };
		8E756502248119D7004BC5CE /* Assets.xcassets */ = {isa = PBXFileReference; lastKnownFileType = folder.assetcatalog; path = Assets.xcassets; sourceTree = "<group>"; };
		8E756505248119D7004BC5CE /* Base */ = {isa = PBXFileReference; lastKnownFileType = file.storyboard; name = Base; path = Base.lproj/LaunchScreen.storyboard; sourceTree = "<group>"; };
		8E756507248119D7004BC5CE /* Info.plist */ = {isa = PBXFileReference; lastKnownFileType = text.plist.xml; path = Info.plist; sourceTree = "<group>"; };
		8E75650C248119D7004BC5CE /* Zomato_RxTests.xctest */ = {isa = PBXFileReference; explicitFileType = wrapper.cfbundle; includeInIndex = 0; path = Zomato_RxTests.xctest; sourceTree = BUILT_PRODUCTS_DIR; };
		8E756510248119D7004BC5CE /* Zomato_RxTests.swift */ = {isa = PBXFileReference; lastKnownFileType = sourcecode.swift; path = Zomato_RxTests.swift; sourceTree = "<group>"; };
		8E756512248119D7004BC5CE /* Info.plist */ = {isa = PBXFileReference; lastKnownFileType = text.plist.xml; path = Info.plist; sourceTree = "<group>"; };
		8E756517248119D7004BC5CE /* Zomato_RxUITests.xctest */ = {isa = PBXFileReference; explicitFileType = wrapper.cfbundle; includeInIndex = 0; path = Zomato_RxUITests.xctest; sourceTree = BUILT_PRODUCTS_DIR; };
		8E75651B248119D7004BC5CE /* Zomato_RxUITests.swift */ = {isa = PBXFileReference; lastKnownFileType = sourcecode.swift; path = Zomato_RxUITests.swift; sourceTree = "<group>"; };
		8E75651D248119D7004BC5CE /* Info.plist */ = {isa = PBXFileReference; lastKnownFileType = text.plist.xml; path = Info.plist; sourceTree = "<group>"; };
		9D17A8BE73A4C8F2C53EC3FA /* Pods-Zomato_Rx.release.xcconfig */ = {isa = PBXFileReference; includeInIndex = 1; lastKnownFileType = text.xcconfig; name = "Pods-Zomato_Rx.release.xcconfig"; path = "Target Support Files/Pods-Zomato_Rx/Pods-Zomato_Rx.release.xcconfig"; sourceTree = "<group>"; };
/* End PBXFileReference section */

/* Begin PBXFrameworksBuildPhase section */
		8E7564F3248119D4004BC5CE /* Frameworks */ = {
			isa = PBXFrameworksBuildPhase;
			buildActionMask = 2147483647;
			files = (
				54F5D99BB4DEDEC9D1B055C6 /* Pods_Zomato_Rx.framework in Frameworks */,
			);
			runOnlyForDeploymentPostprocessing = 0;
		};
		8E756509248119D7004BC5CE /* Frameworks */ = {
			isa = PBXFrameworksBuildPhase;
			buildActionMask = 2147483647;
			files = (
			);
			runOnlyForDeploymentPostprocessing = 0;
		};
		8E756514248119D7004BC5CE /* Frameworks */ = {
			isa = PBXFrameworksBuildPhase;
			buildActionMask = 2147483647;
			files = (
			);
			runOnlyForDeploymentPostprocessing = 0;
		};
/* End PBXFrameworksBuildPhase section */

/* Begin PBXGroup section */
		043B1DAE249BAD7F0044EAAD /* Cell */ = {
			isa = PBXGroup;
			children = (
				043B1DAF249BAD970044EAAD /* DishesCell.swift */,
			);
			path = Cell;
			sourceTree = "<group>";
		};
		043B1DB1249BAE320044EAAD /* Common */ = {
			isa = PBXGroup;
			children = (
				04E8E8EE24AE385D00560CCA /* AutoScrollViewController */,
				043B1DBA249CF93E0044EAAD /* ViewModelType.swift */,
				04D622D624B76136007EBAFF /* BindableType.swift */,
			);
			path = Common;
			sourceTree = "<group>";
		};
		043B1DBE249D0CB20044EAAD /* RxExtensions */ = {
			isa = PBXGroup;
			children = (
				043B1DBC249D0C9B0044EAAD /* ErrorTracker.swift */,
				04D622CC24B35BAB007EBAFF /* FacebookSDK+Rx.swift */,
			);
			path = RxExtensions;
			sourceTree = "<group>";
		};
		0495066D248A8AA30051C1C9 /* Tabbar */ = {
			isa = PBXGroup;
			children = (
				0495066E248A8AC50051C1C9 /* TabBar.storyboard */,
				04D622D224B60EDD007EBAFF /* TabBarController.swift */,
			);
			path = Tabbar;
			sourceTree = "<group>";
		};
		04950674248A8FC40051C1C9 /* Profile */ = {
			isa = PBXGroup;
			children = (
				04950670248A8B690051C1C9 /* Profile.storyboard */,
			);
			path = Profile;
			sourceTree = "<group>";
		};
		04950675248A8FD20051C1C9 /* NightLife */ = {
			isa = PBXGroup;
			children = (
				04950672248A8C800051C1C9 /* NightLife.storyboard */,
			);
			path = NightLife;
			sourceTree = "<group>";
		};
		04950678248B9D7A0051C1C9 /* Model */ = {
			isa = PBXGroup;
			children = (
				04950682248B9E300051C1C9 /* Restaurants */,
				0495069F248B9F850051C1C9 /* JSONAny.swift */,
				049506A8248BA02B0051C1C9 /* PagingInfo.swift */,
			);
			path = Model;
			sourceTree = "<group>";
		};
		04950679248B9D840051C1C9 /* API */ = {
			isa = PBXGroup;
			children = (
				04950680248B9DEE0051C1C9 /* APIError.swift */,
				0495067A248B9D960051C1C9 /* APIKey.swift */,
				0495067E248B9DD30051C1C9 /* APIRoute.swift */,
				0495067C248B9DB30051C1C9 /* APIService.swift */,
				049506A1248B9F990051C1C9 /* Response */,
			);
			path = API;
			sourceTree = "<group>";
		};
		04950682248B9E300051C1C9 /* Restaurants */ = {
			isa = PBXGroup;
			children = (
				04950683248B9E400051C1C9 /* AllReviews.swift */,
				04950685248B9E5D0051C1C9 /* BgColor.swift */,
				04950687248B9E770051C1C9 /* HasMenuStatus.swift */,
				04950689248B9E8C0051C1C9 /* Location.swift */,
				0495068B248B9EA10051C1C9 /* Photo.swift */,
				0495068D248B9EB40051C1C9 /* Photos.swift */,
				0495068F248B9EC80051C1C9 /* RatingObj.swift */,
				04950691248B9EE60051C1C9 /* Restaurant.swift */,
				04950693248B9EFF0051C1C9 /* RestaurantInfo.swift */,
				04950695248B9F140051C1C9 /* Restaurants.swift */,
				04950697248B9F250051C1C9 /* Reviews.swift */,
				04950699248B9F420051C1C9 /* Title.swift */,
				0495069B248B9F560051C1C9 /* User.swift */,
				0495069D248B9F6B0051C1C9 /* UserRating.swift */,
			);
			path = Restaurants;
			sourceTree = "<group>";
		};
		049506A1248B9F990051C1C9 /* Response */ = {
			isa = PBXGroup;
			children = (
				049506A2248B9FAD0051C1C9 /* ListRestaurants.swift */,
				049506A4248B9FC80051C1C9 /* RestaurantDetail.swift */,
			);
			path = Response;
			sourceTree = "<group>";
		};
		049506B2248BAB590051C1C9 /* Home */ = {
			isa = PBXGroup;
			children = (
				049506B3248BAB760051C1C9 /* Home.storyboard */,
				040987ED2494D06400EB220E /* HomeViewController.swift */,
				043B1DB4249BB43F0044EAAD /* HomeViewModel.swift */,
				043B1DB8249BB5300044EAAD /* HomeNavigator.swift */,
				04D622D424B75267007EBAFF /* HomeAssembler.swift */,
				043B1DAE249BAD7F0044EAAD /* Cell */,
			);
			path = Home;
			sourceTree = "<group>";
		};
		049506B5248BB0750051C1C9 /* Fonts */ = {
			isa = PBXGroup;
			children = (
				049506B8248BB17C0051C1C9 /* Okra-Bold.ttf */,
				049506B7248BB17C0051C1C9 /* Okra-Light.ttf */,
				049506B6248BB17B0051C1C9 /* Okra-Medium.ttf */,
				049506BA248BB17C0051C1C9 /* Okra-Regular.ttf */,
				049506B9248BB17C0051C1C9 /* Okra-SemiBold.ttf */,
			);
			path = Fonts;
			sourceTree = "<group>";
		};
		04D90345249E69B400DC690B /* Register */ = {
			isa = PBXGroup;
			children = (
				04D90346249E69D500DC690B /* Register.storyboard */,
				04D90348249E69FE00DC690B /* RegisterViewController.swift */,
			);
			path = Register;
			sourceTree = "<group>";
		};
		04E1CF942487EA7F004DEEA7 /* App */ = {
			isa = PBXGroup;
			children = (
				8E7564F9248119D4004BC5CE /* AppDelegate.swift */,
				04D622D024B6032F007EBAFF /* App.swift */,
			);
			path = App;
			sourceTree = "<group>";
		};
		04E1CF952487EA8C004DEEA7 /* Extensions */ = {
			isa = PBXGroup;
			children = (
				043B1DBE249D0CB20044EAAD /* RxExtensions */,
				040987EB2494CDCA00EB220E /* UIView+Designable.swift */,
				040987EF2494EE4A00EB220E /* UIButton+Extension.swift */,
				04D622CE24B4C5DD007EBAFF /* UIViewController+Extension.swift */,
			);
			path = Extensions;
			sourceTree = "<group>";
		};
		04E1CF962487EA9C004DEEA7 /* Utils */ = {
			isa = PBXGroup;
			children = (
				049506AC248BA2B20051C1C9 /* Constants.swift */,
				049506AA248BA09E0051C1C9 /* Log.swift */,
				049506AE248BA3240051C1C9 /* Reachability.swift */,
				049506B0248BA3810051C1C9 /* SwinjectStoryboard+Setup.swift */,
				043B1DB2249BAE510044EAAD /* DeviceInfo.swift */,
				04D622D824B994B6007EBAFF /* UserDefaultsManager.swift */,
			);
			path = Utils;
			sourceTree = "<group>";
		};
		04E1CF972487EAA7004DEEA7 /* Repository */ = {
			isa = PBXGroup;
			children = (
				049506A6248B9FF00051C1C9 /* RestaurantsRepository.swift */,
			);
			path = Repository;
			sourceTree = "<group>";
		};
		04E1CF982487EABA004DEEA7 /* Data */ = {
			isa = PBXGroup;
			children = (
				04950679248B9D840051C1C9 /* API */,
				04950678248B9D7A0051C1C9 /* Model */,
			);
			path = Data;
			sourceTree = "<group>";
		};
		04E1CF992487EABF004DEEA7 /* Scenes */ = {
			isa = PBXGroup;
			children = (
				04D90345249E69B400DC690B /* Register */,
				049506B2248BAB590051C1C9 /* Home */,
				0495066D248A8AA30051C1C9 /* Tabbar */,
				04E1CF9A2487EAF9004DEEA7 /* Dining */,
				04950675248A8FD20051C1C9 /* NightLife */,
				04950674248A8FC40051C1C9 /* Profile */,
			);
			path = Scenes;
			sourceTree = "<group>";
		};
		04E1CF9A2487EAF9004DEEA7 /* Dining */ = {
			isa = PBXGroup;
			children = (
				04950676248B5FCA0051C1C9 /* Dining.storyboard */,
				8E7564FD248119D4004BC5CE /* DiningViewController.swift */,
			);
			path = Dining;
			sourceTree = "<group>";
		};
		04E8E8EE24AE385D00560CCA /* AutoScrollViewController */ = {
			isa = PBXGroup;
			children = (
				04E8E8EC24AE384A00560CCA /* AutoScrollControllerType.swift */,
				04E8E8EA24AE31F000560CCA /* AutoScrollViewController.swift */,
				043B1DAC249BABF80044EAAD /* InfinityCollectionView.swift */,
			);
			path = AutoScrollViewController;
			sourceTree = "<group>";
		};
		461C7642511ABAA5C92B9317 /* Pods */ = {
			isa = PBXGroup;
			children = (
				893A1449224C1A7635B8AE8B /* Pods-Zomato_Rx.debug.xcconfig */,
				9D17A8BE73A4C8F2C53EC3FA /* Pods-Zomato_Rx.release.xcconfig */,
			);
			path = Pods;
			sourceTree = "<group>";
		};
		73E8093090330A9015A66BD5 /* Frameworks */ = {
			isa = PBXGroup;
			children = (
				02474E8266065C1EC07461A2 /* Pods_Zomato_Rx.framework */,
			);
			name = Frameworks;
			sourceTree = "<group>";
		};
		8E7564ED248119D4004BC5CE = {
			isa = PBXGroup;
			children = (
				0495066B248946C90051C1C9 /* R.generated.swift */,
				04E1CF9B2487ECA1004DEEA7 /* Bridging-Header.h */,
				040B510C24A793660028FEA0 /* GoogleService-Info.plist */,
				8E7564F8248119D4004BC5CE /* Zomato_Rx */,
				8E75650F248119D7004BC5CE /* Zomato_RxTests */,
				8E75651A248119D7004BC5CE /* Zomato_RxUITests */,
				8E7564F7248119D4004BC5CE /* Products */,
				461C7642511ABAA5C92B9317 /* Pods */,
				73E8093090330A9015A66BD5 /* Frameworks */,
			);
			sourceTree = "<group>";
		};
		8E7564F7248119D4004BC5CE /* Products */ = {
			isa = PBXGroup;
			children = (
				8E7564F6248119D4004BC5CE /* Zomato.app */,
				8E75650C248119D7004BC5CE /* Zomato_RxTests.xctest */,
				8E756517248119D7004BC5CE /* Zomato_RxUITests.xctest */,
			);
			name = Products;
			sourceTree = "<group>";
		};
		8E7564F8248119D4004BC5CE /* Zomato_Rx */ = {
			isa = PBXGroup;
			children = (
				04E1CF942487EA7F004DEEA7 /* App */,
				049506B5248BB0750051C1C9 /* Fonts */,
				04E1CF952487EA8C004DEEA7 /* Extensions */,
				04E1CF962487EA9C004DEEA7 /* Utils */,
				043B1DB1249BAE320044EAAD /* Common */,
				04E1CF972487EAA7004DEEA7 /* Repository */,
				04E1CF982487EABA004DEEA7 /* Data */,
				04E1CF992487EABF004DEEA7 /* Scenes */,
				8E756502248119D7004BC5CE /* Assets.xcassets */,
				8E756504248119D7004BC5CE /* LaunchScreen.storyboard */,
				8E756507248119D7004BC5CE /* Info.plist */,
			);
			path = Zomato_Rx;
			sourceTree = "<group>";
		};
		8E75650F248119D7004BC5CE /* Zomato_RxTests */ = {
			isa = PBXGroup;
			children = (
				8E756510248119D7004BC5CE /* Zomato_RxTests.swift */,
				8E756512248119D7004BC5CE /* Info.plist */,
			);
			path = Zomato_RxTests;
			sourceTree = "<group>";
		};
		8E75651A248119D7004BC5CE /* Zomato_RxUITests */ = {
			isa = PBXGroup;
			children = (
				8E75651B248119D7004BC5CE /* Zomato_RxUITests.swift */,
				8E75651D248119D7004BC5CE /* Info.plist */,
			);
			path = Zomato_RxUITests;
			sourceTree = "<group>";
		};
/* End PBXGroup section */

/* Begin PBXNativeTarget section */
		8E7564F5248119D4004BC5CE /* Zomato_Rx */ = {
			isa = PBXNativeTarget;
			buildConfigurationList = 8E756520248119D7004BC5CE /* Build configuration list for PBXNativeTarget "Zomato_Rx" */;
			buildPhases = (
				9987FFC2247A2DD83943C872 /* [CP] Check Pods Manifest.lock */,
				8E7564F3248119D4004BC5CE /* Frameworks */,
				8E7564F4248119D4004BC5CE /* Resources */,
				0495066824893FBB0051C1C9 /* Swiftlint Run Script */,
				0495066924893FDE0051C1C9 /* SwiftFormat Run Script */,
				0495066A24893FFA0051C1C9 /* R-Swift Run Script */,
				8E7564F2248119D4004BC5CE /* Sources */,
				CD46E60D8AF411B7E829EDBA /* [CP] Embed Pods Frameworks */,
				3080F4C7C0F9BC9F3C34F2F3 /* [CP] Copy Pods Resources */,
			);
			buildRules = (
			);
			dependencies = (
			);
			name = Zomato_Rx;
			productName = Zomato_Rx;
			productReference = 8E7564F6248119D4004BC5CE /* Zomato.app */;
			productType = "com.apple.product-type.application";
		};
		8E75650B248119D7004BC5CE /* Zomato_RxTests */ = {
			isa = PBXNativeTarget;
			buildConfigurationList = 8E756523248119D7004BC5CE /* Build configuration list for PBXNativeTarget "Zomato_RxTests" */;
			buildPhases = (
				8E756508248119D7004BC5CE /* Sources */,
				8E756509248119D7004BC5CE /* Frameworks */,
				8E75650A248119D7004BC5CE /* Resources */,
			);
			buildRules = (
			);
			dependencies = (
				8E75650E248119D7004BC5CE /* PBXTargetDependency */,
			);
			name = Zomato_RxTests;
			productName = Zomato_RxTests;
			productReference = 8E75650C248119D7004BC5CE /* Zomato_RxTests.xctest */;
			productType = "com.apple.product-type.bundle.unit-test";
		};
		8E756516248119D7004BC5CE /* Zomato_RxUITests */ = {
			isa = PBXNativeTarget;
			buildConfigurationList = 8E756526248119D7004BC5CE /* Build configuration list for PBXNativeTarget "Zomato_RxUITests" */;
			buildPhases = (
				8E756513248119D7004BC5CE /* Sources */,
				8E756514248119D7004BC5CE /* Frameworks */,
				8E756515248119D7004BC5CE /* Resources */,
			);
			buildRules = (
			);
			dependencies = (
				8E756519248119D7004BC5CE /* PBXTargetDependency */,
			);
			name = Zomato_RxUITests;
			productName = Zomato_RxUITests;
			productReference = 8E756517248119D7004BC5CE /* Zomato_RxUITests.xctest */;
			productType = "com.apple.product-type.bundle.ui-testing";
		};
/* End PBXNativeTarget section */

/* Begin PBXProject section */
		8E7564EE248119D4004BC5CE /* Project object */ = {
			isa = PBXProject;
			attributes = {
				LastSwiftUpdateCheck = 1140;
				LastUpgradeCheck = 1140;
				ORGANIZATIONNAME = nguyen.duc.huyb;
				TargetAttributes = {
					8E7564F5248119D4004BC5CE = {
						CreatedOnToolsVersion = 11.4.1;
					};
					8E75650B248119D7004BC5CE = {
						CreatedOnToolsVersion = 11.4.1;
						TestTargetID = 8E7564F5248119D4004BC5CE;
					};
					8E756516248119D7004BC5CE = {
						CreatedOnToolsVersion = 11.4.1;
						TestTargetID = 8E7564F5248119D4004BC5CE;
					};
				};
			};
			buildConfigurationList = 8E7564F1248119D4004BC5CE /* Build configuration list for PBXProject "Zomato_Rx" */;
			compatibilityVersion = "Xcode 9.3";
			developmentRegion = en;
			hasScannedForEncodings = 0;
			knownRegions = (
				en,
				Base,
			);
			mainGroup = 8E7564ED248119D4004BC5CE;
			productRefGroup = 8E7564F7248119D4004BC5CE /* Products */;
			projectDirPath = "";
			projectRoot = "";
			targets = (
				8E7564F5248119D4004BC5CE /* Zomato_Rx */,
				8E75650B248119D7004BC5CE /* Zomato_RxTests */,
				8E756516248119D7004BC5CE /* Zomato_RxUITests */,
			);
		};
/* End PBXProject section */

/* Begin PBXResourcesBuildPhase section */
		8E7564F4248119D4004BC5CE /* Resources */ = {
			isa = PBXResourcesBuildPhase;
			buildActionMask = 2147483647;
			files = (
				049506B4248BAB760051C1C9 /* Home.storyboard in Resources */,
				0495066F248A8AC50051C1C9 /* TabBar.storyboard in Resources */,
				04D90347249E69D500DC690B /* Register.storyboard in Resources */,
				049506BE248BB17C0051C1C9 /* Okra-SemiBold.ttf in Resources */,
				049506BD248BB17C0051C1C9 /* Okra-Bold.ttf in Resources */,
				049506BF248BB17C0051C1C9 /* Okra-Regular.ttf in Resources */,
				8E756506248119D7004BC5CE /* LaunchScreen.storyboard in Resources */,
				04950671248A8B690051C1C9 /* Profile.storyboard in Resources */,
				049506BC248BB17C0051C1C9 /* Okra-Light.ttf in Resources */,
				04950677248B5FCA0051C1C9 /* Dining.storyboard in Resources */,
				8E756503248119D7004BC5CE /* Assets.xcassets in Resources */,
				049506BB248BB17C0051C1C9 /* Okra-Medium.ttf in Resources */,
				04950673248A8C800051C1C9 /* NightLife.storyboard in Resources */,
				040B510D24A793660028FEA0 /* GoogleService-Info.plist in Resources */,
			);
			runOnlyForDeploymentPostprocessing = 0;
		};
		8E75650A248119D7004BC5CE /* Resources */ = {
			isa = PBXResourcesBuildPhase;
			buildActionMask = 2147483647;
			files = (
			);
			runOnlyForDeploymentPostprocessing = 0;
		};
		8E756515248119D7004BC5CE /* Resources */ = {
			isa = PBXResourcesBuildPhase;
			buildActionMask = 2147483647;
			files = (
			);
			runOnlyForDeploymentPostprocessing = 0;
		};
/* End PBXResourcesBuildPhase section */

/* Begin PBXShellScriptBuildPhase section */
		0495066824893FBB0051C1C9 /* Swiftlint Run Script */ = {
			isa = PBXShellScriptBuildPhase;
			buildActionMask = 2147483647;
			files = (
			);
			inputFileListPaths = (
			);
			inputPaths = (
			);
			name = "Swiftlint Run Script";
			outputFileListPaths = (
			);
			outputPaths = (
			);
			runOnlyForDeploymentPostprocessing = 0;
			shellPath = /bin/sh;
			shellScript = "# Type a script or drag a script file from your workspace to insert its path.\n\"${PODS_ROOT}/SwiftLint/swiftlint\"\n";
		};
		0495066924893FDE0051C1C9 /* SwiftFormat Run Script */ = {
			isa = PBXShellScriptBuildPhase;
			buildActionMask = 2147483647;
			files = (
			);
			inputFileListPaths = (
			);
			inputPaths = (
			);
			name = "SwiftFormat Run Script";
			outputFileListPaths = (
			);
			outputPaths = (
			);
			runOnlyForDeploymentPostprocessing = 0;
			shellPath = /bin/sh;
			shellScript = "# Type a script or drag a script file from your workspace to insert its path.\n\"${PODS_ROOT}/SwiftFormat/CommandLineTool/swiftformat\" \"$SRCROOT\"\n";
		};
		0495066A24893FFA0051C1C9 /* R-Swift Run Script */ = {
			isa = PBXShellScriptBuildPhase;
			buildActionMask = 2147483647;
			files = (
			);
			inputFileListPaths = (
			);
			inputPaths = (
				"$TEMP_DIR/rswift-lastrun",
			);
			name = "R-Swift Run Script";
			outputFileListPaths = (
			);
			outputPaths = (
				$SRCROOT/R.generated.swift,
			);
			runOnlyForDeploymentPostprocessing = 0;
			shellPath = /bin/sh;
			shellScript = "# Type a script or drag a script file from your workspace to insert its path.\n\"$PODS_ROOT/R.swift/rswift\" generate \"$SRCROOT/R.generated.swift\"\n";
		};
		3080F4C7C0F9BC9F3C34F2F3 /* [CP] Copy Pods Resources */ = {
			isa = PBXShellScriptBuildPhase;
			buildActionMask = 2147483647;
			files = (
			);
			inputFileListPaths = (
				"${PODS_ROOT}/Target Support Files/Pods-Zomato_Rx/Pods-Zomato_Rx-resources-${CONFIGURATION}-input-files.xcfilelist",
			);
			name = "[CP] Copy Pods Resources";
			outputFileListPaths = (
				"${PODS_ROOT}/Target Support Files/Pods-Zomato_Rx/Pods-Zomato_Rx-resources-${CONFIGURATION}-output-files.xcfilelist",
			);
			runOnlyForDeploymentPostprocessing = 0;
			shellPath = /bin/sh;
			shellScript = "\"${PODS_ROOT}/Target Support Files/Pods-Zomato_Rx/Pods-Zomato_Rx-resources.sh\"\n";
			showEnvVarsInLog = 0;
		};
		9987FFC2247A2DD83943C872 /* [CP] Check Pods Manifest.lock */ = {
			isa = PBXShellScriptBuildPhase;
			buildActionMask = 2147483647;
			files = (
			);
			inputFileListPaths = (
			);
			inputPaths = (
				"${PODS_PODFILE_DIR_PATH}/Podfile.lock",
				"${PODS_ROOT}/Manifest.lock",
			);
			name = "[CP] Check Pods Manifest.lock";
			outputFileListPaths = (
			);
			outputPaths = (
				"$(DERIVED_FILE_DIR)/Pods-Zomato_Rx-checkManifestLockResult.txt",
			);
			runOnlyForDeploymentPostprocessing = 0;
			shellPath = /bin/sh;
			shellScript = "diff \"${PODS_PODFILE_DIR_PATH}/Podfile.lock\" \"${PODS_ROOT}/Manifest.lock\" > /dev/null\nif [ $? != 0 ] ; then\n    # print error to STDERR\n    echo \"error: The sandbox is not in sync with the Podfile.lock. Run 'pod install' or update your CocoaPods installation.\" >&2\n    exit 1\nfi\n# This output is used by Xcode 'outputs' to avoid re-running this script phase.\necho \"SUCCESS\" > \"${SCRIPT_OUTPUT_FILE_0}\"\n";
			showEnvVarsInLog = 0;
		};
		CD46E60D8AF411B7E829EDBA /* [CP] Embed Pods Frameworks */ = {
			isa = PBXShellScriptBuildPhase;
			buildActionMask = 2147483647;
			files = (
			);
			inputFileListPaths = (
				"${PODS_ROOT}/Target Support Files/Pods-Zomato_Rx/Pods-Zomato_Rx-frameworks-${CONFIGURATION}-input-files.xcfilelist",
			);
			name = "[CP] Embed Pods Frameworks";
			outputFileListPaths = (
				"${PODS_ROOT}/Target Support Files/Pods-Zomato_Rx/Pods-Zomato_Rx-frameworks-${CONFIGURATION}-output-files.xcfilelist",
			);
			runOnlyForDeploymentPostprocessing = 0;
			shellPath = /bin/sh;
			shellScript = "\"${PODS_ROOT}/Target Support Files/Pods-Zomato_Rx/Pods-Zomato_Rx-frameworks.sh\"\n";
			showEnvVarsInLog = 0;
		};
/* End PBXShellScriptBuildPhase section */

/* Begin PBXSourcesBuildPhase section */
		8E7564F2248119D4004BC5CE /* Sources */ = {
			isa = PBXSourcesBuildPhase;
			buildActionMask = 2147483647;
			files = (
				043B1DAD249BABF80044EAAD /* InfinityCollectionView.swift in Sources */,
				049506A3248B9FAD0051C1C9 /* ListRestaurants.swift in Sources */,
				049506B1248BA3810051C1C9 /* SwinjectStoryboard+Setup.swift in Sources */,
				04950690248B9EC80051C1C9 /* RatingObj.swift in Sources */,
				04D622D924B994B6007EBAFF /* UserDefaultsManager.swift in Sources */,
				043B1DB0249BAD970044EAAD /* DishesCell.swift in Sources */,
				049506AB248BA09E0051C1C9 /* Log.swift in Sources */,
				0495068C248B9EA10051C1C9 /* Photo.swift in Sources */,
				04E8E8ED24AE384A00560CCA /* AutoScrollControllerType.swift in Sources */,
				043B1DB3249BAE510044EAAD /* DeviceInfo.swift in Sources */,
				8E7564FE248119D4004BC5CE /* DiningViewController.swift in Sources */,
				0495068A248B9E8C0051C1C9 /* Location.swift in Sources */,
				043B1DB5249BB43F0044EAAD /* HomeViewModel.swift in Sources */,
				0495069A248B9F420051C1C9 /* Title.swift in Sources */,
				049506AF248BA3240051C1C9 /* Reachability.swift in Sources */,
				04D622CD24B35BAB007EBAFF /* FacebookSDK+Rx.swift in Sources */,
				04E8E8EB24AE31F000560CCA /* AutoScrollViewController.swift in Sources */,
				04950694248B9EFF0051C1C9 /* RestaurantInfo.swift in Sources */,
				043B1DB9249BB5300044EAAD /* HomeNavigator.swift in Sources */,
				04D90349249E69FE00DC690B /* RegisterViewController.swift in Sources */,
				0495069E248B9F6B0051C1C9 /* UserRating.swift in Sources */,
				04950688248B9E770051C1C9 /* HasMenuStatus.swift in Sources */,
				04950692248B9EE60051C1C9 /* Restaurant.swift in Sources */,
				049506AD248BA2B20051C1C9 /* Constants.swift in Sources */,
				043B1DBD249D0C9B0044EAAD /* ErrorTracker.swift in Sources */,
				04D622D324B60EDD007EBAFF /* TabBarController.swift in Sources */,
				040987F02494EE4A00EB220E /* UIButton+Extension.swift in Sources */,
				0495069C248B9F560051C1C9 /* User.swift in Sources */,
				04950684248B9E400051C1C9 /* AllReviews.swift in Sources */,
				04D622D124B6032F007EBAFF /* App.swift in Sources */,
				04950686248B9E5D0051C1C9 /* BgColor.swift in Sources */,
				0495067D248B9DB30051C1C9 /* APIService.swift in Sources */,
				04D622CF24B4C5DD007EBAFF /* UIViewController+Extension.swift in Sources */,
				049506A7248B9FF00051C1C9 /* RestaurantsRepository.swift in Sources */,
				0495068E248B9EB40051C1C9 /* Photos.swift in Sources */,
				049506A0248B9F850051C1C9 /* JSONAny.swift in Sources */,
				04950698248B9F250051C1C9 /* Reviews.swift in Sources */,
				8E7564FA248119D4004BC5CE /* AppDelegate.swift in Sources */,
				04D622D524B75267007EBAFF /* HomeAssembler.swift in Sources */,
				049506A9248BA02B0051C1C9 /* PagingInfo.swift in Sources */,
				0495067B248B9D960051C1C9 /* APIKey.swift in Sources */,
				04950696248B9F140051C1C9 /* Restaurants.swift in Sources */,
				0495067F248B9DD30051C1C9 /* APIRoute.swift in Sources */,
				040987EE2494D06400EB220E /* HomeViewController.swift in Sources */,
				049506A5248B9FC80051C1C9 /* RestaurantDetail.swift in Sources */,
				040987EC2494CDCA00EB220E /* UIView+Designable.swift in Sources */,
				04D622D724B76136007EBAFF /* BindableType.swift in Sources */,
				0495066C248946C90051C1C9 /* R.generated.swift in Sources */,
				04950681248B9DEE0051C1C9 /* APIError.swift in Sources */,
				043B1DBB249CF93E0044EAAD /* ViewModelType.swift in Sources */,
			);
			runOnlyForDeploymentPostprocessing = 0;
		};
		8E756508248119D7004BC5CE /* Sources */ = {
			isa = PBXSourcesBuildPhase;
			buildActionMask = 2147483647;
			files = (
				8E756511248119D7004BC5CE /* Zomato_RxTests.swift in Sources */,
			);
			runOnlyForDeploymentPostprocessing = 0;
		};
		8E756513248119D7004BC5CE /* Sources */ = {
			isa = PBXSourcesBuildPhase;
			buildActionMask = 2147483647;
			files = (
				8E75651C248119D7004BC5CE /* Zomato_RxUITests.swift in Sources */,
			);
			runOnlyForDeploymentPostprocessing = 0;
		};
/* End PBXSourcesBuildPhase section */

/* Begin PBXTargetDependency section */
		8E75650E248119D7004BC5CE /* PBXTargetDependency */ = {
			isa = PBXTargetDependency;
			target = 8E7564F5248119D4004BC5CE /* Zomato_Rx */;
			targetProxy = 8E75650D248119D7004BC5CE /* PBXContainerItemProxy */;
		};
		8E756519248119D7004BC5CE /* PBXTargetDependency */ = {
			isa = PBXTargetDependency;
			target = 8E7564F5248119D4004BC5CE /* Zomato_Rx */;
			targetProxy = 8E756518248119D7004BC5CE /* PBXContainerItemProxy */;
		};
/* End PBXTargetDependency section */

/* Begin PBXVariantGroup section */
		8E756504248119D7004BC5CE /* LaunchScreen.storyboard */ = {
			isa = PBXVariantGroup;
			children = (
				8E756505248119D7004BC5CE /* Base */,
			);
			name = LaunchScreen.storyboard;
			sourceTree = "<group>";
		};
/* End PBXVariantGroup section */

/* Begin XCBuildConfiguration section */
		8E75651E248119D7004BC5CE /* Debug */ = {
			isa = XCBuildConfiguration;
			buildSettings = {
				ALWAYS_SEARCH_USER_PATHS = NO;
				CLANG_ANALYZER_NONNULL = YES;
				CLANG_ANALYZER_NUMBER_OBJECT_CONVERSION = YES_AGGRESSIVE;
				CLANG_CXX_LANGUAGE_STANDARD = "gnu++14";
				CLANG_CXX_LIBRARY = "libc++";
				CLANG_ENABLE_MODULES = YES;
				CLANG_ENABLE_OBJC_ARC = YES;
				CLANG_ENABLE_OBJC_WEAK = YES;
				CLANG_WARN_BLOCK_CAPTURE_AUTORELEASING = YES;
				CLANG_WARN_BOOL_CONVERSION = YES;
				CLANG_WARN_COMMA = YES;
				CLANG_WARN_CONSTANT_CONVERSION = YES;
				CLANG_WARN_DEPRECATED_OBJC_IMPLEMENTATIONS = YES;
				CLANG_WARN_DIRECT_OBJC_ISA_USAGE = YES_ERROR;
				CLANG_WARN_DOCUMENTATION_COMMENTS = YES;
				CLANG_WARN_EMPTY_BODY = YES;
				CLANG_WARN_ENUM_CONVERSION = YES;
				CLANG_WARN_INFINITE_RECURSION = YES;
				CLANG_WARN_INT_CONVERSION = YES;
				CLANG_WARN_NON_LITERAL_NULL_CONVERSION = YES;
				CLANG_WARN_OBJC_IMPLICIT_RETAIN_SELF = YES;
				CLANG_WARN_OBJC_LITERAL_CONVERSION = YES;
				CLANG_WARN_OBJC_ROOT_CLASS = YES_ERROR;
				CLANG_WARN_RANGE_LOOP_ANALYSIS = YES;
				CLANG_WARN_STRICT_PROTOTYPES = YES;
				CLANG_WARN_SUSPICIOUS_MOVE = YES;
				CLANG_WARN_UNGUARDED_AVAILABILITY = YES_AGGRESSIVE;
				CLANG_WARN_UNREACHABLE_CODE = YES;
				CLANG_WARN__DUPLICATE_METHOD_MATCH = YES;
				COPY_PHASE_STRIP = NO;
				DEBUG_INFORMATION_FORMAT = dwarf;
				ENABLE_STRICT_OBJC_MSGSEND = YES;
				ENABLE_TESTABILITY = YES;
				GCC_C_LANGUAGE_STANDARD = gnu11;
				GCC_DYNAMIC_NO_PIC = NO;
				GCC_NO_COMMON_BLOCKS = YES;
				GCC_OPTIMIZATION_LEVEL = 0;
				GCC_PREPROCESSOR_DEFINITIONS = (
					"DEBUG=1",
					"$(inherited)",
				);
				GCC_WARN_64_TO_32_BIT_CONVERSION = YES;
				GCC_WARN_ABOUT_RETURN_TYPE = YES_ERROR;
				GCC_WARN_UNDECLARED_SELECTOR = YES;
				GCC_WARN_UNINITIALIZED_AUTOS = YES_AGGRESSIVE;
				GCC_WARN_UNUSED_FUNCTION = YES;
				GCC_WARN_UNUSED_VARIABLE = YES;
				IPHONEOS_DEPLOYMENT_TARGET = 12.0;
				MTL_ENABLE_DEBUG_INFO = INCLUDE_SOURCE;
				MTL_FAST_MATH = YES;
				ONLY_ACTIVE_ARCH = YES;
				SDKROOT = iphoneos;
				SWIFT_ACTIVE_COMPILATION_CONDITIONS = DEBUG;
				SWIFT_OBJC_BRIDGING_HEADER = "~/Bridging-Header.h";
				SWIFT_OPTIMIZATION_LEVEL = "-Onone";
				SWIFT_VERSION = "";
			};
			name = Debug;
		};
		8E75651F248119D7004BC5CE /* Release */ = {
			isa = XCBuildConfiguration;
			buildSettings = {
				ALWAYS_SEARCH_USER_PATHS = NO;
				CLANG_ANALYZER_NONNULL = YES;
				CLANG_ANALYZER_NUMBER_OBJECT_CONVERSION = YES_AGGRESSIVE;
				CLANG_CXX_LANGUAGE_STANDARD = "gnu++14";
				CLANG_CXX_LIBRARY = "libc++";
				CLANG_ENABLE_MODULES = YES;
				CLANG_ENABLE_OBJC_ARC = YES;
				CLANG_ENABLE_OBJC_WEAK = YES;
				CLANG_WARN_BLOCK_CAPTURE_AUTORELEASING = YES;
				CLANG_WARN_BOOL_CONVERSION = YES;
				CLANG_WARN_COMMA = YES;
				CLANG_WARN_CONSTANT_CONVERSION = YES;
				CLANG_WARN_DEPRECATED_OBJC_IMPLEMENTATIONS = YES;
				CLANG_WARN_DIRECT_OBJC_ISA_USAGE = YES_ERROR;
				CLANG_WARN_DOCUMENTATION_COMMENTS = YES;
				CLANG_WARN_EMPTY_BODY = YES;
				CLANG_WARN_ENUM_CONVERSION = YES;
				CLANG_WARN_INFINITE_RECURSION = YES;
				CLANG_WARN_INT_CONVERSION = YES;
				CLANG_WARN_NON_LITERAL_NULL_CONVERSION = YES;
				CLANG_WARN_OBJC_IMPLICIT_RETAIN_SELF = YES;
				CLANG_WARN_OBJC_LITERAL_CONVERSION = YES;
				CLANG_WARN_OBJC_ROOT_CLASS = YES_ERROR;
				CLANG_WARN_RANGE_LOOP_ANALYSIS = YES;
				CLANG_WARN_STRICT_PROTOTYPES = YES;
				CLANG_WARN_SUSPICIOUS_MOVE = YES;
				CLANG_WARN_UNGUARDED_AVAILABILITY = YES_AGGRESSIVE;
				CLANG_WARN_UNREACHABLE_CODE = YES;
				CLANG_WARN__DUPLICATE_METHOD_MATCH = YES;
				COPY_PHASE_STRIP = NO;
				DEBUG_INFORMATION_FORMAT = "dwarf-with-dsym";
				ENABLE_NS_ASSERTIONS = NO;
				ENABLE_STRICT_OBJC_MSGSEND = YES;
				GCC_C_LANGUAGE_STANDARD = gnu11;
				GCC_NO_COMMON_BLOCKS = YES;
				GCC_WARN_64_TO_32_BIT_CONVERSION = YES;
				GCC_WARN_ABOUT_RETURN_TYPE = YES_ERROR;
				GCC_WARN_UNDECLARED_SELECTOR = YES;
				GCC_WARN_UNINITIALIZED_AUTOS = YES_AGGRESSIVE;
				GCC_WARN_UNUSED_FUNCTION = YES;
				GCC_WARN_UNUSED_VARIABLE = YES;
				IPHONEOS_DEPLOYMENT_TARGET = 12.0;
				MTL_ENABLE_DEBUG_INFO = NO;
				MTL_FAST_MATH = YES;
				SDKROOT = iphoneos;
				SWIFT_COMPILATION_MODE = wholemodule;
				SWIFT_OBJC_BRIDGING_HEADER = "~/Bridging-Header.h";
				SWIFT_OPTIMIZATION_LEVEL = "-O";
				SWIFT_VERSION = "";
				VALIDATE_PRODUCT = YES;
			};
			name = Release;
		};
		8E756521248119D7004BC5CE /* Debug */ = {
			isa = XCBuildConfiguration;
			baseConfigurationReference = 893A1449224C1A7635B8AE8B /* Pods-Zomato_Rx.debug.xcconfig */;
			buildSettings = {
				ASSETCATALOG_COMPILER_APPICON_NAME = AppIcon;
				CODE_SIGN_STYLE = Automatic;
				DEVELOPMENT_TEAM = 2FVQE295NZ;
				INFOPLIST_FILE = Zomato_Rx/Info.plist;
				LD_RUNPATH_SEARCH_PATHS = (
					"$(inherited)",
					"@executable_path/Frameworks",
				);
				PRODUCT_BUNDLE_IDENTIFIER = "com.sunasterisk.Zomato-Rx";
				PRODUCT_NAME = Zomato;
				SWIFT_OBJC_BRIDGING_HEADER = "Bridging-Header.h";
				SWIFT_VERSION = 5.0;
				TARGETED_DEVICE_FAMILY = 1;
			};
			name = Debug;
		};
		8E756522248119D7004BC5CE /* Release */ = {
			isa = XCBuildConfiguration;
			baseConfigurationReference = 9D17A8BE73A4C8F2C53EC3FA /* Pods-Zomato_Rx.release.xcconfig */;
			buildSettings = {
				ASSETCATALOG_COMPILER_APPICON_NAME = AppIcon;
				CODE_SIGN_STYLE = Automatic;
				DEVELOPMENT_TEAM = 2FVQE295NZ;
				INFOPLIST_FILE = Zomato_Rx/Info.plist;
				LD_RUNPATH_SEARCH_PATHS = (
					"$(inherited)",
					"@executable_path/Frameworks",
				);
				PRODUCT_BUNDLE_IDENTIFIER = "com.sunasterisk.Zomato-Rx";
				PRODUCT_NAME = Zomato;
				SWIFT_OBJC_BRIDGING_HEADER = "Bridging-Header.h";
				SWIFT_VERSION = 5.0;
				TARGETED_DEVICE_FAMILY = 1;
			};
			name = Release;
		};
		8E756524248119D7004BC5CE /* Debug */ = {
			isa = XCBuildConfiguration;
			buildSettings = {
				ALWAYS_EMBED_SWIFT_STANDARD_LIBRARIES = YES;
				BUNDLE_LOADER = "$(TEST_HOST)";
				CODE_SIGN_STYLE = Automatic;
				DEVELOPMENT_TEAM = 2FVQE295NZ;
				INFOPLIST_FILE = Zomato_RxTests/Info.plist;
				IPHONEOS_DEPLOYMENT_TARGET = 13.2;
				LD_RUNPATH_SEARCH_PATHS = (
					"$(inherited)",
					"@executable_path/Frameworks",
					"@loader_path/Frameworks",
				);
				PRODUCT_BUNDLE_IDENTIFIER = "com.sunasterisk.Zomato-RxTests";
				PRODUCT_NAME = "$(TARGET_NAME)";
				SWIFT_VERSION = 5.0;
				TARGETED_DEVICE_FAMILY = "1,2";
				TEST_HOST = "$(BUILT_PRODUCTS_DIR)/Zomato_Rx.app/Zomato_Rx";
			};
			name = Debug;
		};
		8E756525248119D7004BC5CE /* Release */ = {
			isa = XCBuildConfiguration;
			buildSettings = {
				ALWAYS_EMBED_SWIFT_STANDARD_LIBRARIES = YES;
				BUNDLE_LOADER = "$(TEST_HOST)";
				CODE_SIGN_STYLE = Automatic;
				DEVELOPMENT_TEAM = 2FVQE295NZ;
				INFOPLIST_FILE = Zomato_RxTests/Info.plist;
				IPHONEOS_DEPLOYMENT_TARGET = 13.2;
				LD_RUNPATH_SEARCH_PATHS = (
					"$(inherited)",
					"@executable_path/Frameworks",
					"@loader_path/Frameworks",
				);
				PRODUCT_BUNDLE_IDENTIFIER = "com.sunasterisk.Zomato-RxTests";
				PRODUCT_NAME = "$(TARGET_NAME)";
				SWIFT_VERSION = 5.0;
				TARGETED_DEVICE_FAMILY = "1,2";
				TEST_HOST = "$(BUILT_PRODUCTS_DIR)/Zomato_Rx.app/Zomato_Rx";
			};
			name = Release;
		};
		8E756527248119D7004BC5CE /* Debug */ = {
			isa = XCBuildConfiguration;
			buildSettings = {
				ALWAYS_EMBED_SWIFT_STANDARD_LIBRARIES = YES;
				CODE_SIGN_STYLE = Automatic;
				DEVELOPMENT_TEAM = 2FVQE295NZ;
				INFOPLIST_FILE = Zomato_RxUITests/Info.plist;
				LD_RUNPATH_SEARCH_PATHS = (
					"$(inherited)",
					"@executable_path/Frameworks",
					"@loader_path/Frameworks",
				);
				PRODUCT_BUNDLE_IDENTIFIER = "com.sunasterisk.Zomato-RxUITests";
				PRODUCT_NAME = "$(TARGET_NAME)";
				SWIFT_VERSION = 5.0;
				TARGETED_DEVICE_FAMILY = "1,2";
				TEST_TARGET_NAME = Zomato_Rx;
			};
			name = Debug;
		};
		8E756528248119D7004BC5CE /* Release */ = {
			isa = XCBuildConfiguration;
			buildSettings = {
				ALWAYS_EMBED_SWIFT_STANDARD_LIBRARIES = YES;
				CODE_SIGN_STYLE = Automatic;
				DEVELOPMENT_TEAM = 2FVQE295NZ;
				INFOPLIST_FILE = Zomato_RxUITests/Info.plist;
				LD_RUNPATH_SEARCH_PATHS = (
					"$(inherited)",
					"@executable_path/Frameworks",
					"@loader_path/Frameworks",
				);
				PRODUCT_BUNDLE_IDENTIFIER = "com.sunasterisk.Zomato-RxUITests";
				PRODUCT_NAME = "$(TARGET_NAME)";
				SWIFT_VERSION = 5.0;
				TARGETED_DEVICE_FAMILY = "1,2";
				TEST_TARGET_NAME = Zomato_Rx;
			};
			name = Release;
		};
/* End XCBuildConfiguration section */

/* Begin XCConfigurationList section */
		8E7564F1248119D4004BC5CE /* Build configuration list for PBXProject "Zomato_Rx" */ = {
			isa = XCConfigurationList;
			buildConfigurations = (
				8E75651E248119D7004BC5CE /* Debug */,
				8E75651F248119D7004BC5CE /* Release */,
			);
			defaultConfigurationIsVisible = 0;
			defaultConfigurationName = Release;
		};
		8E756520248119D7004BC5CE /* Build configuration list for PBXNativeTarget "Zomato_Rx" */ = {
			isa = XCConfigurationList;
			buildConfigurations = (
				8E756521248119D7004BC5CE /* Debug */,
				8E756522248119D7004BC5CE /* Release */,
			);
			defaultConfigurationIsVisible = 0;
			defaultConfigurationName = Release;
		};
		8E756523248119D7004BC5CE /* Build configuration list for PBXNativeTarget "Zomato_RxTests" */ = {
			isa = XCConfigurationList;
			buildConfigurations = (
				8E756524248119D7004BC5CE /* Debug */,
				8E756525248119D7004BC5CE /* Release */,
			);
			defaultConfigurationIsVisible = 0;
			defaultConfigurationName = Release;
		};
		8E756526248119D7004BC5CE /* Build configuration list for PBXNativeTarget "Zomato_RxUITests" */ = {
			isa = XCConfigurationList;
			buildConfigurations = (
				8E756527248119D7004BC5CE /* Debug */,
				8E756528248119D7004BC5CE /* Release */,
			);
			defaultConfigurationIsVisible = 0;
			defaultConfigurationName = Release;
		};
/* End XCConfigurationList section */
	};
	rootObject = 8E7564EE248119D4004BC5CE /* Project object */;
}
